// !$*UTF8*$!
{
	archiveVersion = 1;
	classes = {
	};
	objectVersion = 46;
	objects = {

/* Begin PBXBuildFile section */
		ACA6017B1B3EF7E9002CB6EF /* main.m in Sources */ = {isa = PBXBuildFile; fileRef = ACA6017A1B3EF7E9002CB6EF /* main.m */; };
		ACA601831B3EF883002CB6EF /* User.m in Sources */ = {isa = PBXBuildFile; fileRef = ACA601821B3EF883002CB6EF /* User.m */; };
		ACA601861B3EFB8A002CB6EF /* Status.m in Sources */ = {isa = PBXBuildFile; fileRef = ACA601851B3EFB8A002CB6EF /* Status.m */; };
/* End PBXBuildFile section */

/* Begin PBXCopyFilesBuildPhase section */
		ACA601751B3EF7E9002CB6EF /* CopyFiles */ = {
			isa = PBXCopyFilesBuildPhase;
			buildActionMask = 2147483647;
			dstPath = /usr/share/man/man1/;
			dstSubfolderSpec = 0;
			files = (
			);
			runOnlyForDeploymentPostprocessing = 1;
		};
/* End PBXCopyFilesBuildPhase section */

/* Begin PBXFileReference section */
		ACA601771B3EF7E9002CB6EF /* 40_模型设计练习 */ = {isa = PBXFileReference; explicitFileType = "compiled.mach-o.executable"; includeInIndex = 0; path = "40_模型设计练习"; sourceTree = BUILT_PRODUCTS_DIR; };
		ACA6017A1B3EF7E9002CB6EF /* main.m */ = {isa = PBXFileReference; lastKnownFileType = sourcecode.c.objc; path = main.m; sourceTree = "<group>"; };
		ACA601811B3EF883002CB6EF /* User.h */ = {isa = PBXFileReference; fileEncoding = 4; lastKnownFileType = sourcecode.c.h; path = User.h; sourceTree = "<group>"; };
		ACA601821B3EF883002CB6EF /* User.m */ = {isa = PBXFileReference; fileEncoding = 4; lastKnownFileType = sourcecode.c.objc; path = User.m; sourceTree = "<group>"; };
		ACA601841B3EFB8A002CB6EF /* Status.h */ = {isa = PBXFileReference; fileEncoding = 4; lastKnownFileType = sourcecode.c.h; path = Status.h; sourceTree = "<group>"; };
		ACA601851B3EFB8A002CB6EF /* Status.m */ = {isa = PBXFileReference; fileEncoding = 4; lastKnownFileType = sourcecode.c.objc; path = Status.m; sourceTree = "<group>"; };
/* End PBXFileReference section */

/* Begin PBXFrameworksBuildPhase section */
		ACA601741B3EF7E9002CB6EF /* Frameworks */ = {
			isa = PBXFrameworksBuildPhase;
			buildActionMask = 2147483647;
			files = (
			);
			runOnlyForDeploymentPostprocessing = 0;
		};
/* End PBXFrameworksBuildPhase section */

/* Begin PBXGroup section */
		ACA6016E1B3EF7E9002CB6EF = {
			isa = PBXGroup;
			children = (
				ACA601791B3EF7E9002CB6EF /* 40_模型设计练习 */,
				ACA601781B3EF7E9002CB6EF /* Products */,
			);
			sourceTree = "<group>";
		};
		ACA601781B3EF7E9002CB6EF /* Products */ = {
			isa = PBXGroup;
			children = (
				ACA601771B3EF7E9002CB6EF /* 40_模型设计练习 */,
			);
			name = Products;
			sourceTree = "<group>";
		};
		ACA601791B3EF7E9002CB6EF /* 40_模型设计练习 */ = {
			isa = PBXGroup;
			children = (
				ACA6017A1B3EF7E9002CB6EF /* main.m */,
				ACA601811B3EF883002CB6EF /* User.h */,
				ACA601821B3EF883002CB6EF /* User.m */,
				ACA601841B3EFB8A002CB6EF /* Status.h */,
				ACA601851B3EFB8A002CB6EF /* Status.m */,
			);
			path = "40_模型设计练习";
			sourceTree = "<group>";
		};
/* End PBXGroup section */

/* Begin PBXNativeTarget section */
		ACA601761B3EF7E9002CB6EF /* 40_模型设计练习 */ = {
			isa = PBXNativeTarget;
			buildConfigurationList = ACA6017E1B3EF7E9002CB6EF /* Build configuration list for PBXNativeTarget "40_模型设计练习" */;
			buildPhases = (
				ACA601731B3EF7E9002CB6EF /* Sources */,
				ACA601741B3EF7E9002CB6EF /* Frameworks */,
				ACA601751B3EF7E9002CB6EF /* CopyFiles */,
			);
			buildRules = (
			);
			dependencies = (
			);
			name = "40_模型设计练习";
			productName = "40_模型设计练习";
			productReference = ACA601771B3EF7E9002CB6EF /* 40_模型设计练习 */;
			productType = "com.apple.product-type.tool";
		};
/* End PBXNativeTarget section */

/* Begin PBXProject section */
		ACA6016F1B3EF7E9002CB6EF /* Project object */ = {
			isa = PBXProject;
			attributes = {
				LastUpgradeCheck = 0630;
				ORGANIZATIONNAME = SuzukiAlrcly;
				TargetAttributes = {
					ACA601761B3EF7E9002CB6EF = {
						CreatedOnToolsVersion = 6.3.2;
					};
				};
			};
			buildConfigurationList = ACA601721B3EF7E9002CB6EF /* Build configuration list for PBXProject "40_模型设计练习" */;
			compatibilityVersion = "Xcode 3.2";
			developmentRegion = English;
			hasScannedForEncodings = 0;
			knownRegions = (
				en,
			);
			mainGroup = ACA6016E1B3EF7E9002CB6EF;
			productRefGroup = ACA601781B3EF7E9002CB6EF /* Products */;
			projectDirPath = "";
			projectRoot = "";
			targets = (
				ACA601761B3EF7E9002CB6EF /* 40_模型设计练习 */,
			);
		};
/* End PBXProject section */

/* Begin PBXSourcesBuildPhase section */
		ACA601731B3EF7E9002CB6EF /* Sources */ = {
			isa = PBXSourcesBuildPhase;
			buildActionMask = 2147483647;
			files = (
				ACA601831B3EF883002CB6EF /* User.m in Sources */,
				ACA601861B3EFB8A002CB6EF /* Status.m in Sources */,
				ACA6017B1B3EF7E9002CB6EF /* main.m in Sources */,
			);
			runOnlyForDeploymentPostprocessing = 0;
		};
/* End PBXSourcesBuildPhase section */

/* Begin XCBuildConfiguration section */
		ACA6017C1B3EF7E9002CB6EF /* Debug */ = {
			isa = XCBuildConfiguration;
			buildSettings = {
				ALWAYS_SEARCH_USER_PATHS = NO;
				CLANG_CXX_LANGUAGE_STANDARD = "gnu++0x";
				CLANG_CXX_LIBRARY = "libc++";
				CLANG_ENABLE_MODULES = YES;
				CLANG_ENABLE_OBJC_ARC = NO;
				CLANG_WARN_BOOL_CONVERSION = YES;
				CLANG_WARN_CONSTANT_CONVERSION = YES;
				CLANG_WARN_DIRECT_OBJC_ISA_USAGE = YES_ERROR;
				CLANG_WARN_EMPTY_BODY = YES;
				CLANG_WARN_ENUM_CONVERSION = YES;
				CLANG_WARN_INT_CONVERSION = YES;
				CLANG_WARN_OBJC_ROOT_CLASS = YES_ERROR;
				CLANG_WARN_UNREACHABLE_CODE = YES;
				CLANG_WARN__DUPLICATE_METHOD_MATCH = YES;
				COPY_PHASE_STRIP = NO;
				DEBUG_INFORMATION_FORMAT = dwarf;
				ENABLE_STRICT_OBJC_MSGSEND = YES;
				GCC_C_LANGUAGE_STANDARD = gnu99;
				GCC_DYNAMIC_NO_PIC = NO;
				GCC_NO_COMMON_BLOCKS = YES;
				GCC_OPTIMIZATION_LEVEL = 0;
				GCC_PREPROCESSOR_DEFINITIONS = (
					"DEBUG=1",
					"$(inherited)",
				);
				GCC_SYMBOLS_PRIVATE_EXTERN = NO;
				GCC_WARN_64_TO_32_BIT_CONVERSION = YES;
				GCC_WARN_ABOUT_RETURN_TYPE = YES_ERROR;
				GCC_WARN_UNDECLARED_SELECTOR = YES;
				GCC_WARN_UNINITIALIZED_AUTOS = YES_AGGRESSIVE;
				GCC_WARN_UNUSED_FUNCTION = YES;
				GCC_WARN_UNUSED_VARIABLE = YES;
				MACOSX_DEPLOYMENT_TARGET = 10.10;
				MTL_ENABLE_DEBUG_INFO = YES;
				ONLY_ACTIVE_ARCH = YES;
				SDKROOT = macosx;
			};
			name = Debug;
		};
		ACA6017D1B3EF7E9002CB6EF /* Release */ = {
			isa = XCBuildConfiguration;
			buildSettings = {
				ALWAYS_SEARCH_USER_PATHS = NO;
				CLANG_CXX_LANGUAGE_STANDARD = "gnu++0x";
				CLANG_CXX_LIBRARY = "libc++";
				CLANG_ENABLE_MODULES = YES;
				CLANG_ENABLE_OBJC_ARC = NO;
				CLANG_WARN_BOOL_CONVERSION = YES;
				CLANG_WARN_CONSTANT_CONVERSION = YES;
				CLANG_WARN_DIRECT_OBJC_ISA_USAGE = YES_ERROR;
				CLANG_WARN_EMPTY_BODY = YES;
				CLANG_WARN_ENUM_CONVERSION = YES;
				CLANG_WARN_INT_CONVERSION = YES;
				CLANG_WARN_OBJC_ROOT_CLASS = YES_ERROR;
				CLANG_WARN_UNREACHABLE_CODE = YES;
				CLANG_WARN__DUPLICATE_METHOD_MATCH = YES;
				COPY_PHASE_STRIP = NO;
				DEBUG_INFORMATION_FORMAT = "dwarf-with-dsym";
				ENABLE_NS_ASSERTIONS = NO;
				ENABLE_STRICT_OBJC_MSGSEND = YES;
				GCC_C_LANGUAGE_STANDARD = gnu99;
				GCC_NO_COMMON_BLOCKS = YES;
				GCC_WARN_64_TO_32_BIT_CONVERSION = YES;
				GCC_WARN_ABOUT_RETURN_TYPE = YES_ERROR;
				GCC_WARN_UNDECLARED_SELECTOR = YES;
				GCC_WARN_UNINITIALIZED_AUTOS = YES_AGGRESSIVE;
				GCC_WARN_UNUSED_FUNCTION = YES;
				GCC_WARN_UNUSED_VARIABLE = YES;
				MACOSX_DEPLOYMENT_TARGET = 10.10;
				MTL_ENABLE_DEBUG_INFO = NO;
				SDKROOT = macosx;
			};
			name = Release;
		};
		ACA6017F1B3EF7E9002CB6EF /* Debug */ = {
			isa = XCBuildConfiguration;
			buildSettings = {
				PRODUCT_NAME = "$(TARGET_NAME)";
			};
			name = Debug;
		};
		ACA601801B3EF7E9002CB6EF /* Release */ = {
			isa = XCBuildConfiguration;
			buildSettings = {
				PRODUCT_NAME = "$(TARGET_NAME)";
			};
			name = Release;
		};
/* End XCBuildConfiguration section */

/* Begin XCConfigurationList section */
		ACA601721B3EF7E9002CB6EF /* Build configuration list for PBXProject "40_模型设计练习" */ = {
			isa = XCConfigurationList;
			buildConfigurations = (
				ACA6017C1B3EF7E9002CB6EF /* Debug */,
				ACA6017D1B3EF7E9002CB6EF /* Release */,
			);
			defaultConfigurationIsVisible = 0;
			defaultConfigurationName = Release;
		};
		ACA6017E1B3EF7E9002CB6EF /* Build configuration list for PBXNativeTarget "40_模型设计练习" */ = {
			isa = XCConfigurationList;
			buildConfigurations = (
				ACA6017F1B3EF7E9002CB6EF /* Debug */,
				ACA601801B3EF7E9002CB6EF /* Release */,
			);
			defaultConfigurationIsVisible = 0;
		};
/* End XCConfigurationList section */
	};
	rootObject = ACA6016F1B3EF7E9002CB6EF /* Project object */;
}
