// !$*UTF8*$!
{
	archiveVersion = 1;
	classes = {
	};
	objectVersion = 46;
	objects = {

/* Begin PBXBuildFile section */
		AC0842BA1B304EBA00406316 /* Cute.m in Sources */ = {isa = PBXBuildFile; fileRef = AC0842B91B304EBA00406316 /* Cute.m */; };
		AC9437BA1B3002F300D681CD /* main.m in Sources */ = {isa = PBXBuildFile; fileRef = AC9437B91B3002F300D681CD /* main.m */; };
		AC9437C21B30039600D681CD /* Person.m in Sources */ = {isa = PBXBuildFile; fileRef = AC9437C11B30039600D681CD /* Person.m */; };
/* End PBXBuildFile section */

/* Begin PBXCopyFilesBuildPhase section */
		AC9437B41B3002F300D681CD /* CopyFiles */ = {
			isa = PBXCopyFilesBuildPhase;
			buildActionMask = 2147483647;
			dstPath = /usr/share/man/man1/;
			dstSubfolderSpec = 0;
			files = (
			);
			runOnlyForDeploymentPostprocessing = 1;
		};
/* End PBXCopyFilesBuildPhase section */

/* Begin PBXFileReference section */
		AC0842B81B304EBA00406316 /* Cute.h */ = {isa = PBXFileReference; fileEncoding = 4; lastKnownFileType = sourcecode.c.h; path = Cute.h; sourceTree = "<group>"; };
		AC0842B91B304EBA00406316 /* Cute.m */ = {isa = PBXFileReference; fileEncoding = 4; lastKnownFileType = sourcecode.c.objc; path = Cute.m; sourceTree = "<group>"; };
		AC9437B61B3002F300D681CD /* 30_构造方法 */ = {isa = PBXFileReference; explicitFileType = "compiled.mach-o.executable"; includeInIndex = 0; path = "30_构造方法"; sourceTree = BUILT_PRODUCTS_DIR; };
		AC9437B91B3002F300D681CD /* main.m */ = {isa = PBXFileReference; lastKnownFileType = sourcecode.c.objc; path = main.m; sourceTree = "<group>"; };
		AC9437C01B30039600D681CD /* Person.h */ = {isa = PBXFileReference; fileEncoding = 4; lastKnownFileType = sourcecode.c.h; path = Person.h; sourceTree = "<group>"; };
		AC9437C11B30039600D681CD /* Person.m */ = {isa = PBXFileReference; fileEncoding = 4; lastKnownFileType = sourcecode.c.objc; path = Person.m; sourceTree = "<group>"; };
/* End PBXFileReference section */

/* Begin PBXFrameworksBuildPhase section */
		AC9437B31B3002F300D681CD /* Frameworks */ = {
			isa = PBXFrameworksBuildPhase;
			buildActionMask = 2147483647;
			files = (
			);
			runOnlyForDeploymentPostprocessing = 0;
		};
/* End PBXFrameworksBuildPhase section */

/* Begin PBXGroup section */
		AC9437AD1B3002F300D681CD = {
			isa = PBXGroup;
			children = (
				AC9437B81B3002F300D681CD /* 30_构造方法 */,
				AC9437B71B3002F300D681CD /* Products */,
			);
			sourceTree = "<group>";
		};
		AC9437B71B3002F300D681CD /* Products */ = {
			isa = PBXGroup;
			children = (
				AC9437B61B3002F300D681CD /* 30_构造方法 */,
			);
			name = Products;
			sourceTree = "<group>";
		};
		AC9437B81B3002F300D681CD /* 30_构造方法 */ = {
			isa = PBXGroup;
			children = (
				AC9437B91B3002F300D681CD /* main.m */,
				AC9437C01B30039600D681CD /* Person.h */,
				AC9437C11B30039600D681CD /* Person.m */,
				AC0842B81B304EBA00406316 /* Cute.h */,
				AC0842B91B304EBA00406316 /* Cute.m */,
			);
			path = "30_构造方法";
			sourceTree = "<group>";
		};
/* End PBXGroup section */

/* Begin PBXNativeTarget section */
		AC9437B51B3002F300D681CD /* 30_构造方法 */ = {
			isa = PBXNativeTarget;
			buildConfigurationList = AC9437BD1B3002F300D681CD /* Build configuration list for PBXNativeTarget "30_构造方法" */;
			buildPhases = (
				AC9437B21B3002F300D681CD /* Sources */,
				AC9437B31B3002F300D681CD /* Frameworks */,
				AC9437B41B3002F300D681CD /* CopyFiles */,
			);
			buildRules = (
			);
			dependencies = (
			);
			name = "30_构造方法";
			productName = "30_构造方法";
			productReference = AC9437B61B3002F300D681CD /* 30_构造方法 */;
			productType = "com.apple.product-type.tool";
		};
/* End PBXNativeTarget section */

/* Begin PBXProject section */
		AC9437AE1B3002F300D681CD /* Project object */ = {
			isa = PBXProject;
			attributes = {
				LastUpgradeCheck = 0630;
				ORGANIZATIONNAME = SuzukiAlrcly;
				TargetAttributes = {
					AC9437B51B3002F300D681CD = {
						CreatedOnToolsVersion = 6.3.2;
					};
				};
			};
			buildConfigurationList = AC9437B11B3002F300D681CD /* Build configuration list for PBXProject "30_构造方法" */;
			compatibilityVersion = "Xcode 3.2";
			developmentRegion = English;
			hasScannedForEncodings = 0;
			knownRegions = (
				en,
			);
			mainGroup = AC9437AD1B3002F300D681CD;
			productRefGroup = AC9437B71B3002F300D681CD /* Products */;
			projectDirPath = "";
			projectRoot = "";
			targets = (
				AC9437B51B3002F300D681CD /* 30_构造方法 */,
			);
		};
/* End PBXProject section */

/* Begin PBXSourcesBuildPhase section */
		AC9437B21B3002F300D681CD /* Sources */ = {
			isa = PBXSourcesBuildPhase;
			buildActionMask = 2147483647;
			files = (
				AC9437C21B30039600D681CD /* Person.m in Sources */,
				AC0842BA1B304EBA00406316 /* Cute.m in Sources */,
				AC9437BA1B3002F300D681CD /* main.m in Sources */,
			);
			runOnlyForDeploymentPostprocessing = 0;
		};
/* End PBXSourcesBuildPhase section */

/* Begin XCBuildConfiguration section */
		AC9437BB1B3002F300D681CD /* Debug */ = {
			isa = XCBuildConfiguration;
			buildSettings = {
				ALWAYS_SEARCH_USER_PATHS = NO;
				CLANG_CXX_LANGUAGE_STANDARD = "gnu++0x";
				CLANG_CXX_LIBRARY = "libc++";
				CLANG_ENABLE_MODULES = YES;
				CLANG_ENABLE_OBJC_ARC = YES;
				CLANG_WARN_BOOL_CONVERSION = YES;
				CLANG_WARN_CONSTANT_CONVERSION = YES;
				CLANG_WARN_DIRECT_OBJC_ISA_USAGE = YES_ERROR;
				CLANG_WARN_EMPTY_BODY = YES;
				CLANG_WARN_ENUM_CONVERSION = YES;
				CLANG_WARN_INT_CONVERSION = YES;
				CLANG_WARN_OBJC_ROOT_CLASS = YES_ERROR;
				CLANG_WARN_UNREACHABLE_CODE = YES;
				CLANG_WARN__DUPLICATE_METHOD_MATCH = YES;
				COPY_PHASE_STRIP = NO;
				DEBUG_INFORMATION_FORMAT = dwarf;
				ENABLE_STRICT_OBJC_MSGSEND = YES;
				GCC_C_LANGUAGE_STANDARD = gnu99;
				GCC_DYNAMIC_NO_PIC = NO;
				GCC_NO_COMMON_BLOCKS = YES;
				GCC_OPTIMIZATION_LEVEL = 0;
				GCC_PREPROCESSOR_DEFINITIONS = (
					"DEBUG=1",
					"$(inherited)",
				);
				GCC_SYMBOLS_PRIVATE_EXTERN = NO;
				GCC_WARN_64_TO_32_BIT_CONVERSION = YES;
				GCC_WARN_ABOUT_RETURN_TYPE = YES_ERROR;
				GCC_WARN_UNDECLARED_SELECTOR = YES;
				GCC_WARN_UNINITIALIZED_AUTOS = YES_AGGRESSIVE;
				GCC_WARN_UNUSED_FUNCTION = YES;
				GCC_WARN_UNUSED_VARIABLE = YES;
				MACOSX_DEPLOYMENT_TARGET = 10.10;
				MTL_ENABLE_DEBUG_INFO = YES;
				ONLY_ACTIVE_ARCH = YES;
				SDKROOT = macosx;
			};
			name = Debug;
		};
		AC9437BC1B3002F300D681CD /* Release */ = {
			isa = XCBuildConfiguration;
			buildSettings = {
				ALWAYS_SEARCH_USER_PATHS = NO;
				CLANG_CXX_LANGUAGE_STANDARD = "gnu++0x";
				CLANG_CXX_LIBRARY = "libc++";
				CLANG_ENABLE_MODULES = YES;
				CLANG_ENABLE_OBJC_ARC = YES;
				CLANG_WARN_BOOL_CONVERSION = YES;
				CLANG_WARN_CONSTANT_CONVERSION = YES;
				CLANG_WARN_DIRECT_OBJC_ISA_USAGE = YES_ERROR;
				CLANG_WARN_EMPTY_BODY = YES;
				CLANG_WARN_ENUM_CONVERSION = YES;
				CLANG_WARN_INT_CONVERSION = YES;
				CLANG_WARN_OBJC_ROOT_CLASS = YES_ERROR;
				CLANG_WARN_UNREACHABLE_CODE = YES;
				CLANG_WARN__DUPLICATE_METHOD_MATCH = YES;
				COPY_PHASE_STRIP = NO;
				DEBUG_INFORMATION_FORMAT = "dwarf-with-dsym";
				ENABLE_NS_ASSERTIONS = NO;
				ENABLE_STRICT_OBJC_MSGSEND = YES;
				GCC_C_LANGUAGE_STANDARD = gnu99;
				GCC_NO_COMMON_BLOCKS = YES;
				GCC_WARN_64_TO_32_BIT_CONVERSION = YES;
				GCC_WARN_ABOUT_RETURN_TYPE = YES_ERROR;
				GCC_WARN_UNDECLARED_SELECTOR = YES;
				GCC_WARN_UNINITIALIZED_AUTOS = YES_AGGRESSIVE;
				GCC_WARN_UNUSED_FUNCTION = YES;
				GCC_WARN_UNUSED_VARIABLE = YES;
				MACOSX_DEPLOYMENT_TARGET = 10.10;
				MTL_ENABLE_DEBUG_INFO = NO;
				SDKROOT = macosx;
			};
			name = Release;
		};
		AC9437BE1B3002F300D681CD /* Debug */ = {
			isa = XCBuildConfiguration;
			buildSettings = {
				PRODUCT_NAME = "$(TARGET_NAME)";
			};
			name = Debug;
		};
		AC9437BF1B3002F300D681CD /* Release */ = {
			isa = XCBuildConfiguration;
			buildSettings = {
				PRODUCT_NAME = "$(TARGET_NAME)";
			};
			name = Release;
		};
/* End XCBuildConfiguration section */

/* Begin XCConfigurationList section */
		AC9437B11B3002F300D681CD /* Build configuration list for PBXProject "30_构造方法" */ = {
			isa = XCConfigurationList;
			buildConfigurations = (
				AC9437BB1B3002F300D681CD /* Debug */,
				AC9437BC1B3002F300D681CD /* Release */,
			);
			defaultConfigurationIsVisible = 0;
			defaultConfigurationName = Release;
		};
		AC9437BD1B3002F300D681CD /* Build configuration list for PBXNativeTarget "30_构造方法" */ = {
			isa = XCConfigurationList;
			buildConfigurations = (
				AC9437BE1B3002F300D681CD /* Debug */,
				AC9437BF1B3002F300D681CD /* Release */,
			);
			defaultConfigurationIsVisible = 0;
			defaultConfigurationName = Release;
		};
/* End XCConfigurationList section */
	};
	rootObject = AC9437AE1B3002F300D681CD /* Project object */;
}
