// !$*UTF8*$!
{
	archiveVersion = 1;
	classes = {
	};
	objectVersion = 46;
	objects = {

/* Begin PBXBuildFile section */
		AC01417B1B4ACA8E0056857B /* main.m in Sources */ = {isa = PBXBuildFile; fileRef = AC01417A1B4ACA8E0056857B /* main.m */; };
		AC0141831B4ACAC40056857B /* Person.m in Sources */ = {isa = PBXBuildFile; fileRef = AC0141821B4ACAC40056857B /* Person.m */; };
		AC0141861B4ACB210056857B /* Agent.m in Sources */ = {isa = PBXBuildFile; fileRef = AC0141851B4ACB210056857B /* Agent.m */; };
		AC0141891B4AD3BE0056857B /* AKB.m in Sources */ = {isa = PBXBuildFile; fileRef = AC0141881B4AD3BE0056857B /* AKB.m */; };
/* End PBXBuildFile section */

/* Begin PBXCopyFilesBuildPhase section */
		AC0141751B4ACA8E0056857B /* CopyFiles */ = {
			isa = PBXCopyFilesBuildPhase;
			buildActionMask = 2147483647;
			dstPath = /usr/share/man/man1/;
			dstSubfolderSpec = 0;
			files = (
			);
			runOnlyForDeploymentPostprocessing = 1;
		};
/* End PBXCopyFilesBuildPhase section */

/* Begin PBXFileReference section */
		AC0141771B4ACA8E0056857B /* 48_协议应用—代理模式 */ = {isa = PBXFileReference; explicitFileType = "compiled.mach-o.executable"; includeInIndex = 0; path = "48_协议应用—代理模式"; sourceTree = BUILT_PRODUCTS_DIR; };
		AC01417A1B4ACA8E0056857B /* main.m */ = {isa = PBXFileReference; lastKnownFileType = sourcecode.c.objc; path = main.m; sourceTree = "<group>"; };
		AC0141811B4ACAC40056857B /* Person.h */ = {isa = PBXFileReference; fileEncoding = 4; lastKnownFileType = sourcecode.c.h; path = Person.h; sourceTree = "<group>"; };
		AC0141821B4ACAC40056857B /* Person.m */ = {isa = PBXFileReference; fileEncoding = 4; lastKnownFileType = sourcecode.c.objc; path = Person.m; sourceTree = "<group>"; };
		AC0141841B4ACB210056857B /* Agent.h */ = {isa = PBXFileReference; fileEncoding = 4; lastKnownFileType = sourcecode.c.h; path = Agent.h; sourceTree = "<group>"; };
		AC0141851B4ACB210056857B /* Agent.m */ = {isa = PBXFileReference; fileEncoding = 4; lastKnownFileType = sourcecode.c.objc; path = Agent.m; sourceTree = "<group>"; };
		AC0141871B4AD3BE0056857B /* AKB.h */ = {isa = PBXFileReference; fileEncoding = 4; lastKnownFileType = sourcecode.c.h; path = AKB.h; sourceTree = "<group>"; };
		AC0141881B4AD3BE0056857B /* AKB.m */ = {isa = PBXFileReference; fileEncoding = 4; lastKnownFileType = sourcecode.c.objc; path = AKB.m; sourceTree = "<group>"; };
		AC01418A1B4AD4F70056857B /* MyGreat.h */ = {isa = PBXFileReference; fileEncoding = 4; lastKnownFileType = sourcecode.c.h; path = MyGreat.h; sourceTree = "<group>"; };
/* End PBXFileReference section */

/* Begin PBXFrameworksBuildPhase section */
		AC0141741B4ACA8E0056857B /* Frameworks */ = {
			isa = PBXFrameworksBuildPhase;
			buildActionMask = 2147483647;
			files = (
			);
			runOnlyForDeploymentPostprocessing = 0;
		};
/* End PBXFrameworksBuildPhase section */

/* Begin PBXGroup section */
		AC01416E1B4ACA8E0056857B = {
			isa = PBXGroup;
			children = (
				AC0141791B4ACA8E0056857B /* 48_协议应用—代理模式 */,
				AC0141781B4ACA8E0056857B /* Products */,
			);
			sourceTree = "<group>";
		};
		AC0141781B4ACA8E0056857B /* Products */ = {
			isa = PBXGroup;
			children = (
				AC0141771B4ACA8E0056857B /* 48_协议应用—代理模式 */,
			);
			name = Products;
			sourceTree = "<group>";
		};
		AC0141791B4ACA8E0056857B /* 48_协议应用—代理模式 */ = {
			isa = PBXGroup;
			children = (
				AC01417A1B4ACA8E0056857B /* main.m */,
				AC0141811B4ACAC40056857B /* Person.h */,
				AC0141821B4ACAC40056857B /* Person.m */,
				AC01418A1B4AD4F70056857B /* MyGreat.h */,
				AC0141841B4ACB210056857B /* Agent.h */,
				AC0141851B4ACB210056857B /* Agent.m */,
				AC0141871B4AD3BE0056857B /* AKB.h */,
				AC0141881B4AD3BE0056857B /* AKB.m */,
			);
			path = "48_协议应用—代理模式";
			sourceTree = "<group>";
		};
/* End PBXGroup section */

/* Begin PBXNativeTarget section */
		AC0141761B4ACA8E0056857B /* 48_协议应用—代理模式 */ = {
			isa = PBXNativeTarget;
			buildConfigurationList = AC01417E1B4ACA8E0056857B /* Build configuration list for PBXNativeTarget "48_协议应用—代理模式" */;
			buildPhases = (
				AC0141731B4ACA8E0056857B /* Sources */,
				AC0141741B4ACA8E0056857B /* Frameworks */,
				AC0141751B4ACA8E0056857B /* CopyFiles */,
			);
			buildRules = (
			);
			dependencies = (
			);
			name = "48_协议应用—代理模式";
			productName = "48_协议应用—代理模式";
			productReference = AC0141771B4ACA8E0056857B /* 48_协议应用—代理模式 */;
			productType = "com.apple.product-type.tool";
		};
/* End PBXNativeTarget section */

/* Begin PBXProject section */
		AC01416F1B4ACA8E0056857B /* Project object */ = {
			isa = PBXProject;
			attributes = {
				LastUpgradeCheck = 0640;
				ORGANIZATIONNAME = SuzukiAlrcly;
				TargetAttributes = {
					AC0141761B4ACA8E0056857B = {
						CreatedOnToolsVersion = 6.4;
					};
				};
			};
			buildConfigurationList = AC0141721B4ACA8E0056857B /* Build configuration list for PBXProject "48_协议应用—代理模式" */;
			compatibilityVersion = "Xcode 3.2";
			developmentRegion = English;
			hasScannedForEncodings = 0;
			knownRegions = (
				en,
			);
			mainGroup = AC01416E1B4ACA8E0056857B;
			productRefGroup = AC0141781B4ACA8E0056857B /* Products */;
			projectDirPath = "";
			projectRoot = "";
			targets = (
				AC0141761B4ACA8E0056857B /* 48_协议应用—代理模式 */,
			);
		};
/* End PBXProject section */

/* Begin PBXSourcesBuildPhase section */
		AC0141731B4ACA8E0056857B /* Sources */ = {
			isa = PBXSourcesBuildPhase;
			buildActionMask = 2147483647;
			files = (
				AC0141861B4ACB210056857B /* Agent.m in Sources */,
				AC0141831B4ACAC40056857B /* Person.m in Sources */,
				AC0141891B4AD3BE0056857B /* AKB.m in Sources */,
				AC01417B1B4ACA8E0056857B /* main.m in Sources */,
			);
			runOnlyForDeploymentPostprocessing = 0;
		};
/* End PBXSourcesBuildPhase section */

/* Begin XCBuildConfiguration section */
		AC01417C1B4ACA8E0056857B /* Debug */ = {
			isa = XCBuildConfiguration;
			buildSettings = {
				ALWAYS_SEARCH_USER_PATHS = NO;
				CLANG_CXX_LANGUAGE_STANDARD = "gnu++0x";
				CLANG_CXX_LIBRARY = "libc++";
				CLANG_ENABLE_MODULES = YES;
				CLANG_ENABLE_OBJC_ARC = NO;
				CLANG_WARN_BOOL_CONVERSION = YES;
				CLANG_WARN_CONSTANT_CONVERSION = YES;
				CLANG_WARN_DIRECT_OBJC_ISA_USAGE = YES_ERROR;
				CLANG_WARN_EMPTY_BODY = YES;
				CLANG_WARN_ENUM_CONVERSION = YES;
				CLANG_WARN_INT_CONVERSION = YES;
				CLANG_WARN_OBJC_ROOT_CLASS = YES_ERROR;
				CLANG_WARN_UNREACHABLE_CODE = YES;
				CLANG_WARN__DUPLICATE_METHOD_MATCH = YES;
				COPY_PHASE_STRIP = NO;
				DEBUG_INFORMATION_FORMAT = dwarf;
				ENABLE_STRICT_OBJC_MSGSEND = YES;
				GCC_C_LANGUAGE_STANDARD = gnu99;
				GCC_DYNAMIC_NO_PIC = NO;
				GCC_NO_COMMON_BLOCKS = YES;
				GCC_OPTIMIZATION_LEVEL = 0;
				GCC_PREPROCESSOR_DEFINITIONS = (
					"DEBUG=1",
					"$(inherited)",
				);
				GCC_SYMBOLS_PRIVATE_EXTERN = NO;
				GCC_WARN_64_TO_32_BIT_CONVERSION = YES;
				GCC_WARN_ABOUT_RETURN_TYPE = YES_ERROR;
				GCC_WARN_UNDECLARED_SELECTOR = YES;
				GCC_WARN_UNINITIALIZED_AUTOS = YES_AGGRESSIVE;
				GCC_WARN_UNUSED_FUNCTION = YES;
				GCC_WARN_UNUSED_VARIABLE = YES;
				MACOSX_DEPLOYMENT_TARGET = 10.10;
				MTL_ENABLE_DEBUG_INFO = YES;
				ONLY_ACTIVE_ARCH = YES;
				SDKROOT = macosx;
			};
			name = Debug;
		};
		AC01417D1B4ACA8E0056857B /* Release */ = {
			isa = XCBuildConfiguration;
			buildSettings = {
				ALWAYS_SEARCH_USER_PATHS = NO;
				CLANG_CXX_LANGUAGE_STANDARD = "gnu++0x";
				CLANG_CXX_LIBRARY = "libc++";
				CLANG_ENABLE_MODULES = YES;
				CLANG_ENABLE_OBJC_ARC = NO;
				CLANG_WARN_BOOL_CONVERSION = YES;
				CLANG_WARN_CONSTANT_CONVERSION = YES;
				CLANG_WARN_DIRECT_OBJC_ISA_USAGE = YES_ERROR;
				CLANG_WARN_EMPTY_BODY = YES;
				CLANG_WARN_ENUM_CONVERSION = YES;
				CLANG_WARN_INT_CONVERSION = YES;
				CLANG_WARN_OBJC_ROOT_CLASS = YES_ERROR;
				CLANG_WARN_UNREACHABLE_CODE = YES;
				CLANG_WARN__DUPLICATE_METHOD_MATCH = YES;
				COPY_PHASE_STRIP = NO;
				DEBUG_INFORMATION_FORMAT = "dwarf-with-dsym";
				ENABLE_NS_ASSERTIONS = NO;
				ENABLE_STRICT_OBJC_MSGSEND = YES;
				GCC_C_LANGUAGE_STANDARD = gnu99;
				GCC_NO_COMMON_BLOCKS = YES;
				GCC_WARN_64_TO_32_BIT_CONVERSION = YES;
				GCC_WARN_ABOUT_RETURN_TYPE = YES_ERROR;
				GCC_WARN_UNDECLARED_SELECTOR = YES;
				GCC_WARN_UNINITIALIZED_AUTOS = YES_AGGRESSIVE;
				GCC_WARN_UNUSED_FUNCTION = YES;
				GCC_WARN_UNUSED_VARIABLE = YES;
				MACOSX_DEPLOYMENT_TARGET = 10.10;
				MTL_ENABLE_DEBUG_INFO = NO;
				SDKROOT = macosx;
			};
			name = Release;
		};
		AC01417F1B4ACA8E0056857B /* Debug */ = {
			isa = XCBuildConfiguration;
			buildSettings = {
				CLANG_ENABLE_OBJC_ARC = YES;
				PRODUCT_NAME = "$(TARGET_NAME)";
			};
			name = Debug;
		};
		AC0141801B4ACA8E0056857B /* Release */ = {
			isa = XCBuildConfiguration;
			buildSettings = {
				CLANG_ENABLE_OBJC_ARC = YES;
				PRODUCT_NAME = "$(TARGET_NAME)";
			};
			name = Release;
		};
/* End XCBuildConfiguration section */

/* Begin XCConfigurationList section */
		AC0141721B4ACA8E0056857B /* Build configuration list for PBXProject "48_协议应用—代理模式" */ = {
			isa = XCConfigurationList;
			buildConfigurations = (
				AC01417C1B4ACA8E0056857B /* Debug */,
				AC01417D1B4ACA8E0056857B /* Release */,
			);
			defaultConfigurationIsVisible = 0;
			defaultConfigurationName = Release;
		};
		AC01417E1B4ACA8E0056857B /* Build configuration list for PBXNativeTarget "48_协议应用—代理模式" */ = {
			isa = XCConfigurationList;
			buildConfigurations = (
				AC01417F1B4ACA8E0056857B /* Debug */,
				AC0141801B4ACA8E0056857B /* Release */,
			);
			defaultConfigurationIsVisible = 0;
			defaultConfigurationName = Release;
		};
/* End XCConfigurationList section */
	};
	rootObject = AC01416F1B4ACA8E0056857B /* Project object */;
}
