// !$*UTF8*$!
{
	archiveVersion = 1;
	classes = {
	};
	objectVersion = 46;
	objects = {

/* Begin PBXBuildFile section */
		AC4EC3B01B3FDA650020A798 /* main.m in Sources */ = {isa = PBXBuildFile; fileRef = AC4EC3AF1B3FDA650020A798 /* main.m */; };
		AC4EC3BE1B3FDE0A0020A798 /* Card.m in Sources */ = {isa = PBXBuildFile; fileRef = AC4EC3BD1B3FDE0A0020A798 /* Card.m */; };
		AC4EC3C11B3FDE6A0020A798 /* Menber.m in Sources */ = {isa = PBXBuildFile; fileRef = AC4EC3C01B3FDE6A0020A798 /* Menber.m */; };
/* End PBXBuildFile section */

/* Begin PBXCopyFilesBuildPhase section */
		AC4EC3AA1B3FDA650020A798 /* CopyFiles */ = {
			isa = PBXCopyFilesBuildPhase;
			buildActionMask = 2147483647;
			dstPath = /usr/share/man/man1/;
			dstSubfolderSpec = 0;
			files = (
			);
			runOnlyForDeploymentPostprocessing = 1;
		};
/* End PBXCopyFilesBuildPhase section */

/* Begin PBXFileReference section */
		AC4EC3AC1B3FDA650020A798 /* 41_循环引用 */ = {isa = PBXFileReference; explicitFileType = "compiled.mach-o.executable"; includeInIndex = 0; path = "41_循环引用"; sourceTree = BUILT_PRODUCTS_DIR; };
		AC4EC3AF1B3FDA650020A798 /* main.m */ = {isa = PBXFileReference; lastKnownFileType = sourcecode.c.objc; path = main.m; sourceTree = "<group>"; };
		AC4EC3BC1B3FDE0A0020A798 /* Card.h */ = {isa = PBXFileReference; fileEncoding = 4; lastKnownFileType = sourcecode.c.h; path = Card.h; sourceTree = "<group>"; };
		AC4EC3BD1B3FDE0A0020A798 /* Card.m */ = {isa = PBXFileReference; fileEncoding = 4; lastKnownFileType = sourcecode.c.objc; path = Card.m; sourceTree = "<group>"; };
		AC4EC3BF1B3FDE6A0020A798 /* Menber.h */ = {isa = PBXFileReference; fileEncoding = 4; lastKnownFileType = sourcecode.c.h; name = Menber.h; path = ../Menber.h; sourceTree = "<group>"; };
		AC4EC3C01B3FDE6A0020A798 /* Menber.m */ = {isa = PBXFileReference; fileEncoding = 4; lastKnownFileType = sourcecode.c.objc; name = Menber.m; path = ../Menber.m; sourceTree = "<group>"; };
/* End PBXFileReference section */

/* Begin PBXFrameworksBuildPhase section */
		AC4EC3A91B3FDA650020A798 /* Frameworks */ = {
			isa = PBXFrameworksBuildPhase;
			buildActionMask = 2147483647;
			files = (
			);
			runOnlyForDeploymentPostprocessing = 0;
		};
/* End PBXFrameworksBuildPhase section */

/* Begin PBXGroup section */
		AC4EC3A31B3FDA640020A798 = {
			isa = PBXGroup;
			children = (
				AC4EC3AE1B3FDA650020A798 /* 41_循环引用 */,
				AC4EC3AD1B3FDA650020A798 /* Products */,
			);
			sourceTree = "<group>";
		};
		AC4EC3AD1B3FDA650020A798 /* Products */ = {
			isa = PBXGroup;
			children = (
				AC4EC3AC1B3FDA650020A798 /* 41_循环引用 */,
			);
			name = Products;
			sourceTree = "<group>";
		};
		AC4EC3AE1B3FDA650020A798 /* 41_循环引用 */ = {
			isa = PBXGroup;
			children = (
				AC4EC3AF1B3FDA650020A798 /* main.m */,
				AC4EC3BF1B3FDE6A0020A798 /* Menber.h */,
				AC4EC3C01B3FDE6A0020A798 /* Menber.m */,
				AC4EC3BC1B3FDE0A0020A798 /* Card.h */,
				AC4EC3BD1B3FDE0A0020A798 /* Card.m */,
			);
			path = "41_循环引用";
			sourceTree = "<group>";
		};
/* End PBXGroup section */

/* Begin PBXNativeTarget section */
		AC4EC3AB1B3FDA650020A798 /* 41_循环引用 */ = {
			isa = PBXNativeTarget;
			buildConfigurationList = AC4EC3B31B3FDA650020A798 /* Build configuration list for PBXNativeTarget "41_循环引用" */;
			buildPhases = (
				AC4EC3A81B3FDA650020A798 /* Sources */,
				AC4EC3A91B3FDA650020A798 /* Frameworks */,
				AC4EC3AA1B3FDA650020A798 /* CopyFiles */,
			);
			buildRules = (
			);
			dependencies = (
			);
			name = "41_循环引用";
			productName = "41_循环引用";
			productReference = AC4EC3AC1B3FDA650020A798 /* 41_循环引用 */;
			productType = "com.apple.product-type.tool";
		};
/* End PBXNativeTarget section */

/* Begin PBXProject section */
		AC4EC3A41B3FDA640020A798 /* Project object */ = {
			isa = PBXProject;
			attributes = {
				LastUpgradeCheck = 0630;
				ORGANIZATIONNAME = SuzukiAlrcly;
				TargetAttributes = {
					AC4EC3AB1B3FDA650020A798 = {
						CreatedOnToolsVersion = 6.3.2;
					};
				};
			};
			buildConfigurationList = AC4EC3A71B3FDA640020A798 /* Build configuration list for PBXProject "41_循环引用" */;
			compatibilityVersion = "Xcode 3.2";
			developmentRegion = English;
			hasScannedForEncodings = 0;
			knownRegions = (
				en,
			);
			mainGroup = AC4EC3A31B3FDA640020A798;
			productRefGroup = AC4EC3AD1B3FDA650020A798 /* Products */;
			projectDirPath = "";
			projectRoot = "";
			targets = (
				AC4EC3AB1B3FDA650020A798 /* 41_循环引用 */,
			);
		};
/* End PBXProject section */

/* Begin PBXSourcesBuildPhase section */
		AC4EC3A81B3FDA650020A798 /* Sources */ = {
			isa = PBXSourcesBuildPhase;
			buildActionMask = 2147483647;
			files = (
				AC4EC3B01B3FDA650020A798 /* main.m in Sources */,
				AC4EC3C11B3FDE6A0020A798 /* Menber.m in Sources */,
				AC4EC3BE1B3FDE0A0020A798 /* Card.m in Sources */,
			);
			runOnlyForDeploymentPostprocessing = 0;
		};
/* End PBXSourcesBuildPhase section */

/* Begin XCBuildConfiguration section */
		AC4EC3B11B3FDA650020A798 /* Debug */ = {
			isa = XCBuildConfiguration;
			buildSettings = {
				ALWAYS_SEARCH_USER_PATHS = NO;
				CLANG_CXX_LANGUAGE_STANDARD = "gnu++0x";
				CLANG_CXX_LIBRARY = "libc++";
				CLANG_ENABLE_MODULES = YES;
				CLANG_ENABLE_OBJC_ARC = NO;
				CLANG_WARN_BOOL_CONVERSION = YES;
				CLANG_WARN_CONSTANT_CONVERSION = YES;
				CLANG_WARN_DIRECT_OBJC_ISA_USAGE = YES_ERROR;
				CLANG_WARN_EMPTY_BODY = YES;
				CLANG_WARN_ENUM_CONVERSION = YES;
				CLANG_WARN_INT_CONVERSION = YES;
				CLANG_WARN_OBJC_ROOT_CLASS = YES_ERROR;
				CLANG_WARN_UNREACHABLE_CODE = YES;
				CLANG_WARN__DUPLICATE_METHOD_MATCH = YES;
				COPY_PHASE_STRIP = NO;
				DEBUG_INFORMATION_FORMAT = dwarf;
				ENABLE_STRICT_OBJC_MSGSEND = YES;
				GCC_C_LANGUAGE_STANDARD = gnu99;
				GCC_DYNAMIC_NO_PIC = NO;
				GCC_NO_COMMON_BLOCKS = YES;
				GCC_OPTIMIZATION_LEVEL = 0;
				GCC_PREPROCESSOR_DEFINITIONS = (
					"DEBUG=1",
					"$(inherited)",
				);
				GCC_SYMBOLS_PRIVATE_EXTERN = NO;
				GCC_WARN_64_TO_32_BIT_CONVERSION = YES;
				GCC_WARN_ABOUT_RETURN_TYPE = YES_ERROR;
				GCC_WARN_UNDECLARED_SELECTOR = YES;
				GCC_WARN_UNINITIALIZED_AUTOS = YES_AGGRESSIVE;
				GCC_WARN_UNUSED_FUNCTION = YES;
				GCC_WARN_UNUSED_VARIABLE = YES;
				MACOSX_DEPLOYMENT_TARGET = 10.10;
				MTL_ENABLE_DEBUG_INFO = YES;
				ONLY_ACTIVE_ARCH = YES;
				SDKROOT = macosx;
			};
			name = Debug;
		};
		AC4EC3B21B3FDA650020A798 /* Release */ = {
			isa = XCBuildConfiguration;
			buildSettings = {
				ALWAYS_SEARCH_USER_PATHS = NO;
				CLANG_CXX_LANGUAGE_STANDARD = "gnu++0x";
				CLANG_CXX_LIBRARY = "libc++";
				CLANG_ENABLE_MODULES = YES;
				CLANG_ENABLE_OBJC_ARC = NO;
				CLANG_WARN_BOOL_CONVERSION = YES;
				CLANG_WARN_CONSTANT_CONVERSION = YES;
				CLANG_WARN_DIRECT_OBJC_ISA_USAGE = YES_ERROR;
				CLANG_WARN_EMPTY_BODY = YES;
				CLANG_WARN_ENUM_CONVERSION = YES;
				CLANG_WARN_INT_CONVERSION = YES;
				CLANG_WARN_OBJC_ROOT_CLASS = YES_ERROR;
				CLANG_WARN_UNREACHABLE_CODE = YES;
				CLANG_WARN__DUPLICATE_METHOD_MATCH = YES;
				COPY_PHASE_STRIP = NO;
				DEBUG_INFORMATION_FORMAT = "dwarf-with-dsym";
				ENABLE_NS_ASSERTIONS = NO;
				ENABLE_STRICT_OBJC_MSGSEND = YES;
				GCC_C_LANGUAGE_STANDARD = gnu99;
				GCC_NO_COMMON_BLOCKS = YES;
				GCC_WARN_64_TO_32_BIT_CONVERSION = YES;
				GCC_WARN_ABOUT_RETURN_TYPE = YES_ERROR;
				GCC_WARN_UNDECLARED_SELECTOR = YES;
				GCC_WARN_UNINITIALIZED_AUTOS = YES_AGGRESSIVE;
				GCC_WARN_UNUSED_FUNCTION = YES;
				GCC_WARN_UNUSED_VARIABLE = YES;
				MACOSX_DEPLOYMENT_TARGET = 10.10;
				MTL_ENABLE_DEBUG_INFO = NO;
				SDKROOT = macosx;
			};
			name = Release;
		};
		AC4EC3B41B3FDA650020A798 /* Debug */ = {
			isa = XCBuildConfiguration;
			buildSettings = {
				PRODUCT_NAME = "$(TARGET_NAME)";
			};
			name = Debug;
		};
		AC4EC3B51B3FDA650020A798 /* Release */ = {
			isa = XCBuildConfiguration;
			buildSettings = {
				PRODUCT_NAME = "$(TARGET_NAME)";
			};
			name = Release;
		};
/* End XCBuildConfiguration section */

/* Begin XCConfigurationList section */
		AC4EC3A71B3FDA640020A798 /* Build configuration list for PBXProject "41_循环引用" */ = {
			isa = XCConfigurationList;
			buildConfigurations = (
				AC4EC3B11B3FDA650020A798 /* Debug */,
				AC4EC3B21B3FDA650020A798 /* Release */,
			);
			defaultConfigurationIsVisible = 0;
			defaultConfigurationName = Release;
		};
		AC4EC3B31B3FDA650020A798 /* Build configuration list for PBXNativeTarget "41_循环引用" */ = {
			isa = XCConfigurationList;
			buildConfigurations = (
				AC4EC3B41B3FDA650020A798 /* Debug */,
				AC4EC3B51B3FDA650020A798 /* Release */,
			);
			defaultConfigurationIsVisible = 0;
		};
/* End XCConfigurationList section */
	};
	rootObject = AC4EC3A41B3FDA640020A798 /* Project object */;
}
