// !$*UTF8*$!
{
	archiveVersion = 1;
	classes = {
	};
	objectVersion = 46;
	objects = {

/* Begin PBXBuildFile section */
		ACFD69C21B311E16007CE4B8 /* main.m in Sources */ = {isa = PBXBuildFile; fileRef = ACFD69C11B311E16007CE4B8 /* main.m */; };
		ACFD69CA1B311E35007CE4B8 /* SNH48.m in Sources */ = {isa = PBXBuildFile; fileRef = ACFD69C91B311E35007CE4B8 /* SNH48.m */; };
		ACFD69CD1B312FE7007CE4B8 /* SNHTeamS.m in Sources */ = {isa = PBXBuildFile; fileRef = ACFD69CC1B312FE7007CE4B8 /* SNHTeamS.m */; };
/* End PBXBuildFile section */

/* Begin PBXCopyFilesBuildPhase section */
		ACFD69BC1B311E16007CE4B8 /* CopyFiles */ = {
			isa = PBXCopyFilesBuildPhase;
			buildActionMask = 2147483647;
			dstPath = /usr/share/man/man1/;
			dstSubfolderSpec = 0;
			files = (
			);
			runOnlyForDeploymentPostprocessing = 1;
		};
/* End PBXCopyFilesBuildPhase section */

/* Begin PBXFileReference section */
		ACFD69BE1B311E16007CE4B8 /* 31_ 自定义构造方法 */ = {isa = PBXFileReference; explicitFileType = "compiled.mach-o.executable"; includeInIndex = 0; path = "31_ 自定义构造方法"; sourceTree = BUILT_PRODUCTS_DIR; };
		ACFD69C11B311E16007CE4B8 /* main.m */ = {isa = PBXFileReference; lastKnownFileType = sourcecode.c.objc; path = main.m; sourceTree = "<group>"; };
		ACFD69C81B311E35007CE4B8 /* SNH48.h */ = {isa = PBXFileReference; fileEncoding = 4; lastKnownFileType = sourcecode.c.h; path = SNH48.h; sourceTree = "<group>"; };
		ACFD69C91B311E35007CE4B8 /* SNH48.m */ = {isa = PBXFileReference; fileEncoding = 4; lastKnownFileType = sourcecode.c.objc; path = SNH48.m; sourceTree = "<group>"; };
		ACFD69CB1B312FE7007CE4B8 /* SNHTeamS.h */ = {isa = PBXFileReference; fileEncoding = 4; lastKnownFileType = sourcecode.c.h; path = SNHTeamS.h; sourceTree = "<group>"; };
		ACFD69CC1B312FE7007CE4B8 /* SNHTeamS.m */ = {isa = PBXFileReference; fileEncoding = 4; lastKnownFileType = sourcecode.c.objc; path = SNHTeamS.m; sourceTree = "<group>"; };
/* End PBXFileReference section */

/* Begin PBXFrameworksBuildPhase section */
		ACFD69BB1B311E16007CE4B8 /* Frameworks */ = {
			isa = PBXFrameworksBuildPhase;
			buildActionMask = 2147483647;
			files = (
			);
			runOnlyForDeploymentPostprocessing = 0;
		};
/* End PBXFrameworksBuildPhase section */

/* Begin PBXGroup section */
		ACFD69B51B311E16007CE4B8 = {
			isa = PBXGroup;
			children = (
				ACFD69C01B311E16007CE4B8 /* 31_ 自定义构造方法 */,
				ACFD69BF1B311E16007CE4B8 /* Products */,
			);
			sourceTree = "<group>";
		};
		ACFD69BF1B311E16007CE4B8 /* Products */ = {
			isa = PBXGroup;
			children = (
				ACFD69BE1B311E16007CE4B8 /* 31_ 自定义构造方法 */,
			);
			name = Products;
			sourceTree = "<group>";
		};
		ACFD69C01B311E16007CE4B8 /* 31_ 自定义构造方法 */ = {
			isa = PBXGroup;
			children = (
				ACFD69C11B311E16007CE4B8 /* main.m */,
				ACFD69C81B311E35007CE4B8 /* SNH48.h */,
				ACFD69C91B311E35007CE4B8 /* SNH48.m */,
				ACFD69CB1B312FE7007CE4B8 /* SNHTeamS.h */,
				ACFD69CC1B312FE7007CE4B8 /* SNHTeamS.m */,
			);
			path = "31_ 自定义构造方法";
			sourceTree = "<group>";
		};
/* End PBXGroup section */

/* Begin PBXNativeTarget section */
		ACFD69BD1B311E16007CE4B8 /* 31_ 自定义构造方法 */ = {
			isa = PBXNativeTarget;
			buildConfigurationList = ACFD69C51B311E16007CE4B8 /* Build configuration list for PBXNativeTarget "31_ 自定义构造方法" */;
			buildPhases = (
				ACFD69BA1B311E16007CE4B8 /* Sources */,
				ACFD69BB1B311E16007CE4B8 /* Frameworks */,
				ACFD69BC1B311E16007CE4B8 /* CopyFiles */,
			);
			buildRules = (
			);
			dependencies = (
			);
			name = "31_ 自定义构造方法";
			productName = "31_ 自定义构造方法";
			productReference = ACFD69BE1B311E16007CE4B8 /* 31_ 自定义构造方法 */;
			productType = "com.apple.product-type.tool";
		};
/* End PBXNativeTarget section */

/* Begin PBXProject section */
		ACFD69B61B311E16007CE4B8 /* Project object */ = {
			isa = PBXProject;
			attributes = {
				LastUpgradeCheck = 0630;
				ORGANIZATIONNAME = SuzukiAlrcly;
				TargetAttributes = {
					ACFD69BD1B311E16007CE4B8 = {
						CreatedOnToolsVersion = 6.3.2;
					};
				};
			};
			buildConfigurationList = ACFD69B91B311E16007CE4B8 /* Build configuration list for PBXProject "31_ 自定义构造方法" */;
			compatibilityVersion = "Xcode 3.2";
			developmentRegion = English;
			hasScannedForEncodings = 0;
			knownRegions = (
				en,
			);
			mainGroup = ACFD69B51B311E16007CE4B8;
			productRefGroup = ACFD69BF1B311E16007CE4B8 /* Products */;
			projectDirPath = "";
			projectRoot = "";
			targets = (
				ACFD69BD1B311E16007CE4B8 /* 31_ 自定义构造方法 */,
			);
		};
/* End PBXProject section */

/* Begin PBXSourcesBuildPhase section */
		ACFD69BA1B311E16007CE4B8 /* Sources */ = {
			isa = PBXSourcesBuildPhase;
			buildActionMask = 2147483647;
			files = (
				ACFD69C21B311E16007CE4B8 /* main.m in Sources */,
				ACFD69CA1B311E35007CE4B8 /* SNH48.m in Sources */,
				ACFD69CD1B312FE7007CE4B8 /* SNHTeamS.m in Sources */,
			);
			runOnlyForDeploymentPostprocessing = 0;
		};
/* End PBXSourcesBuildPhase section */

/* Begin XCBuildConfiguration section */
		ACFD69C31B311E16007CE4B8 /* Debug */ = {
			isa = XCBuildConfiguration;
			buildSettings = {
				ALWAYS_SEARCH_USER_PATHS = NO;
				CLANG_CXX_LANGUAGE_STANDARD = "gnu++0x";
				CLANG_CXX_LIBRARY = "libc++";
				CLANG_ENABLE_MODULES = YES;
				CLANG_ENABLE_OBJC_ARC = YES;
				CLANG_WARN_BOOL_CONVERSION = YES;
				CLANG_WARN_CONSTANT_CONVERSION = YES;
				CLANG_WARN_DIRECT_OBJC_ISA_USAGE = YES_ERROR;
				CLANG_WARN_EMPTY_BODY = YES;
				CLANG_WARN_ENUM_CONVERSION = YES;
				CLANG_WARN_INT_CONVERSION = YES;
				CLANG_WARN_OBJC_ROOT_CLASS = YES_ERROR;
				CLANG_WARN_UNREACHABLE_CODE = YES;
				CLANG_WARN__DUPLICATE_METHOD_MATCH = YES;
				COPY_PHASE_STRIP = NO;
				DEBUG_INFORMATION_FORMAT = dwarf;
				ENABLE_STRICT_OBJC_MSGSEND = YES;
				GCC_C_LANGUAGE_STANDARD = gnu99;
				GCC_DYNAMIC_NO_PIC = NO;
				GCC_NO_COMMON_BLOCKS = YES;
				GCC_OPTIMIZATION_LEVEL = 0;
				GCC_PREPROCESSOR_DEFINITIONS = (
					"DEBUG=1",
					"$(inherited)",
				);
				GCC_SYMBOLS_PRIVATE_EXTERN = NO;
				GCC_WARN_64_TO_32_BIT_CONVERSION = YES;
				GCC_WARN_ABOUT_RETURN_TYPE = YES_ERROR;
				GCC_WARN_UNDECLARED_SELECTOR = YES;
				GCC_WARN_UNINITIALIZED_AUTOS = YES_AGGRESSIVE;
				GCC_WARN_UNUSED_FUNCTION = YES;
				GCC_WARN_UNUSED_VARIABLE = YES;
				MACOSX_DEPLOYMENT_TARGET = 10.10;
				MTL_ENABLE_DEBUG_INFO = YES;
				ONLY_ACTIVE_ARCH = YES;
				SDKROOT = macosx;
			};
			name = Debug;
		};
		ACFD69C41B311E16007CE4B8 /* Release */ = {
			isa = XCBuildConfiguration;
			buildSettings = {
				ALWAYS_SEARCH_USER_PATHS = NO;
				CLANG_CXX_LANGUAGE_STANDARD = "gnu++0x";
				CLANG_CXX_LIBRARY = "libc++";
				CLANG_ENABLE_MODULES = YES;
				CLANG_ENABLE_OBJC_ARC = YES;
				CLANG_WARN_BOOL_CONVERSION = YES;
				CLANG_WARN_CONSTANT_CONVERSION = YES;
				CLANG_WARN_DIRECT_OBJC_ISA_USAGE = YES_ERROR;
				CLANG_WARN_EMPTY_BODY = YES;
				CLANG_WARN_ENUM_CONVERSION = YES;
				CLANG_WARN_INT_CONVERSION = YES;
				CLANG_WARN_OBJC_ROOT_CLASS = YES_ERROR;
				CLANG_WARN_UNREACHABLE_CODE = YES;
				CLANG_WARN__DUPLICATE_METHOD_MATCH = YES;
				COPY_PHASE_STRIP = NO;
				DEBUG_INFORMATION_FORMAT = "dwarf-with-dsym";
				ENABLE_NS_ASSERTIONS = NO;
				ENABLE_STRICT_OBJC_MSGSEND = YES;
				GCC_C_LANGUAGE_STANDARD = gnu99;
				GCC_NO_COMMON_BLOCKS = YES;
				GCC_WARN_64_TO_32_BIT_CONVERSION = YES;
				GCC_WARN_ABOUT_RETURN_TYPE = YES_ERROR;
				GCC_WARN_UNDECLARED_SELECTOR = YES;
				GCC_WARN_UNINITIALIZED_AUTOS = YES_AGGRESSIVE;
				GCC_WARN_UNUSED_FUNCTION = YES;
				GCC_WARN_UNUSED_VARIABLE = YES;
				MACOSX_DEPLOYMENT_TARGET = 10.10;
				MTL_ENABLE_DEBUG_INFO = NO;
				SDKROOT = macosx;
			};
			name = Release;
		};
		ACFD69C61B311E16007CE4B8 /* Debug */ = {
			isa = XCBuildConfiguration;
			buildSettings = {
				PRODUCT_NAME = "$(TARGET_NAME)";
			};
			name = Debug;
		};
		ACFD69C71B311E16007CE4B8 /* Release */ = {
			isa = XCBuildConfiguration;
			buildSettings = {
				PRODUCT_NAME = "$(TARGET_NAME)";
			};
			name = Release;
		};
/* End XCBuildConfiguration section */

/* Begin XCConfigurationList section */
		ACFD69B91B311E16007CE4B8 /* Build configuration list for PBXProject "31_ 自定义构造方法" */ = {
			isa = XCConfigurationList;
			buildConfigurations = (
				ACFD69C31B311E16007CE4B8 /* Debug */,
				ACFD69C41B311E16007CE4B8 /* Release */,
			);
			defaultConfigurationIsVisible = 0;
			defaultConfigurationName = Release;
		};
		ACFD69C51B311E16007CE4B8 /* Build configuration list for PBXNativeTarget "31_ 自定义构造方法" */ = {
			isa = XCConfigurationList;
			buildConfigurations = (
				ACFD69C61B311E16007CE4B8 /* Debug */,
				ACFD69C71B311E16007CE4B8 /* Release */,
			);
			defaultConfigurationIsVisible = 0;
		};
/* End XCConfigurationList section */
	};
	rootObject = ACFD69B61B311E16007CE4B8 /* Project object */;
}
